// !$*UTF8*$!
{
	archiveVersion = 1;
	classes = {
	};
	objectVersion = 50;
	objects = {

/* Begin PBXBuildFile section */
		1545A5612189459400D6161F /* AppDelegate.swift in Sources */ = {isa = PBXBuildFile; fileRef = 1545A5602189459400D6161F /* AppDelegate.swift */; };
		1545A5632189459400D6161F /* ViewController.swift in Sources */ = {isa = PBXBuildFile; fileRef = 1545A5622189459400D6161F /* ViewController.swift */; };
		1545A5662189459400D6161F /* Main.storyboard in Resources */ = {isa = PBXBuildFile; fileRef = 1545A5642189459400D6161F /* Main.storyboard */; };
		1545A5682189459600D6161F /* Assets.xcassets in Resources */ = {isa = PBXBuildFile; fileRef = 1545A5672189459600D6161F /* Assets.xcassets */; };
		1545A56B2189459600D6161F /* LaunchScreen.storyboard in Resources */ = {isa = PBXBuildFile; fileRef = 1545A5692189459600D6161F /* LaunchScreen.storyboard */; };
		1545A5762189459600D6161F /* TestSystemShareTests.swift in Sources */ = {isa = PBXBuildFile; fileRef = 1545A5752189459600D6161F /* TestSystemShareTests.swift */; };
		1545A5812189459600D6161F /* TestSystemShareUITests.swift in Sources */ = {isa = PBXBuildFile; fileRef = 1545A5802189459600D6161F /* TestSystemShareUITests.swift */; };
/* End PBXBuildFile section */

/* Begin PBXContainerItemProxy section */
		1545A5722189459600D6161F /* PBXContainerItemProxy */ = {
			isa = PBXContainerItemProxy;
			containerPortal = 1545A5552189459400D6161F /* Project object */;
			proxyType = 1;
			remoteGlobalIDString = 1545A55C2189459400D6161F;
			remoteInfo = TestSystemShare;
		};
		1545A57D2189459600D6161F /* PBXContainerItemProxy */ = {
			isa = PBXContainerItemProxy;
			containerPortal = 1545A5552189459400D6161F /* Project object */;
			proxyType = 1;
			remoteGlobalIDString = 1545A55C2189459400D6161F;
			remoteInfo = TestSystemShare;
		};
/* End PBXContainerItemProxy section */

/* Begin PBXFileReference section */
		1545A55D2189459400D6161F /* TestSystemShare.app */ = {isa = PBXFileReference; explicitFileType = wrapper.application; includeInIndex = 0; path = TestSystemShare.app; sourceTree = BUILT_PRODUCTS_DIR; };
		1545A5602189459400D6161F /* AppDelegate.swift */ = {isa = PBXFileReference; lastKnownFileType = sourcecode.swift; path = AppDelegate.swift; sourceTree = "<group>"; };
		1545A5622189459400D6161F /* ViewController.swift */ = {isa = PBXFileReference; lastKnownFileType = sourcecode.swift; path = ViewController.swift; sourceTree = "<group>"; };
		1545A5652189459400D6161F /* Base */ = {isa = PBXFileReference; lastKnownFileType = file.storyboard; name = Base; path = Base.lproj/Main.storyboard; sourceTree = "<group>"; };
		1545A5672189459600D6161F /* Assets.xcassets */ = {isa = PBXFileReference; lastKnownFileType = folder.assetcatalog; path = Assets.xcassets; sourceTree = "<group>"; };
		1545A56A2189459600D6161F /* Base */ = {isa = PBXFileReference; lastKnownFileType = file.storyboard; name = Base; path = Base.lproj/LaunchScreen.storyboard; sourceTree = "<group>"; };
		1545A56C2189459600D6161F /* Info.plist */ = {isa = PBXFileReference; lastKnownFileType = text.plist.xml; path = Info.plist; sourceTree = "<group>"; };
		1545A5712189459600D6161F /* TestSystemShareTests.xctest */ = {isa = PBXFileReference; explicitFileType = wrapper.cfbundle; includeInIndex = 0; path = TestSystemShareTests.xctest; sourceTree = BUILT_PRODUCTS_DIR; };
		1545A5752189459600D6161F /* TestSystemShareTests.swift */ = {isa = PBXFileReference; lastKnownFileType = sourcecode.swift; path = TestSystemShareTests.swift; sourceTree = "<group>"; };
		1545A5772189459600D6161F /* Info.plist */ = {isa = PBXFileReference; lastKnownFileType = text.plist.xml; path = Info.plist; sourceTree = "<group>"; };
		1545A57C2189459600D6161F /* TestSystemShareUITests.xctest */ = {isa = PBXFileReference; explicitFileType = wrapper.cfbundle; includeInIndex = 0; path = TestSystemShareUITests.xctest; sourceTree = BUILT_PRODUCTS_DIR; };
		1545A5802189459600D6161F /* TestSystemShareUITests.swift */ = {isa = PBXFileReference; lastKnownFileType = sourcecode.swift; path = TestSystemShareUITests.swift; sourceTree = "<group>"; };
		1545A5822189459600D6161F /* Info.plist */ = {isa = PBXFileReference; lastKnownFileType = text.plist.xml; path = Info.plist; sourceTree = "<group>"; };
/* End PBXFileReference section */

/* Begin PBXFrameworksBuildPhase section */
		1545A55A2189459400D6161F /* Frameworks */ = {
			isa = PBXFrameworksBuildPhase;
			buildActionMask = 2147483647;
			files = (
			);
			runOnlyForDeploymentPostprocessing = 0;
		};
		1545A56E2189459600D6161F /* Frameworks */ = {
			isa = PBXFrameworksBuildPhase;
			buildActionMask = 2147483647;
			files = (
			);
			runOnlyForDeploymentPostprocessing = 0;
		};
		1545A5792189459600D6161F /* Frameworks */ = {
			isa = PBXFrameworksBuildPhase;
			buildActionMask = 2147483647;
			files = (
			);
			runOnlyForDeploymentPostprocessing = 0;
		};
/* End PBXFrameworksBuildPhase section */

/* Begin PBXGroup section */
		1545A5542189459400D6161F = {
			isa = PBXGroup;
			children = (
				1545A55F2189459400D6161F /* TestSystemShare */,
				1545A5742189459600D6161F /* TestSystemShareTests */,
				1545A57F2189459600D6161F /* TestSystemShareUITests */,
				1545A55E2189459400D6161F /* Products */,
			);
			sourceTree = "<group>";
		};
		1545A55E2189459400D6161F /* Products */ = {
			isa = PBXGroup;
			children = (
				1545A55D2189459400D6161F /* TestSystemShare.app */,
				1545A5712189459600D6161F /* TestSystemShareTests.xctest */,
				1545A57C2189459600D6161F /* TestSystemShareUITests.xctest */,
			);
			name = Products;
			sourceTree = "<group>";
		};
		1545A55F2189459400D6161F /* TestSystemShare */ = {
			isa = PBXGroup;
			children = (
				1545A5602189459400D6161F /* AppDelegate.swift */,
				1545A5622189459400D6161F /* ViewController.swift */,
				1545A5642189459400D6161F /* Main.storyboard */,
				1545A5672189459600D6161F /* Assets.xcassets */,
				1545A5692189459600D6161F /* LaunchScreen.storyboard */,
				1545A56C2189459600D6161F /* Info.plist */,
			);
			path = TestSystemShare;
			sourceTree = "<group>";
		};
		1545A5742189459600D6161F /* TestSystemShareTests */ = {
			isa = PBXGroup;
			children = (
				1545A5752189459600D6161F /* TestSystemShareTests.swift */,
				1545A5772189459600D6161F /* Info.plist */,
			);
			path = TestSystemShareTests;
			sourceTree = "<group>";
		};
		1545A57F2189459600D6161F /* TestSystemShareUITests */ = {
			isa = PBXGroup;
			children = (
				1545A5802189459600D6161F /* TestSystemShareUITests.swift */,
				1545A5822189459600D6161F /* Info.plist */,
			);
			path = TestSystemShareUITests;
			sourceTree = "<group>";
		};
/* End PBXGroup section */

/* Begin PBXNativeTarget section */
		1545A55C2189459400D6161F /* TestSystemShare */ = {
			isa = PBXNativeTarget;
			buildConfigurationList = 1545A5852189459600D6161F /* Build configuration list for PBXNativeTarget "TestSystemShare" */;
			buildPhases = (
				1545A5592189459400D6161F /* Sources */,
				1545A55A2189459400D6161F /* Frameworks */,
				1545A55B2189459400D6161F /* Resources */,
			);
			buildRules = (
			);
			dependencies = (
			);
			name = TestSystemShare;
			productName = TestSystemShare;
			productReference = 1545A55D2189459400D6161F /* TestSystemShare.app */;
			productType = "com.apple.product-type.application";
		};
		1545A5702189459600D6161F /* TestSystemShareTests */ = {
			isa = PBXNativeTarget;
			buildConfigurationList = 1545A5882189459600D6161F /* Build configuration list for PBXNativeTarget "TestSystemShareTests" */;
			buildPhases = (
				1545A56D2189459600D6161F /* Sources */,
				1545A56E2189459600D6161F /* Frameworks */,
				1545A56F2189459600D6161F /* Resources */,
			);
			buildRules = (
			);
			dependencies = (
				1545A5732189459600D6161F /* PBXTargetDependency */,
			);
			name = TestSystemShareTests;
			productName = TestSystemShareTests;
			productReference = 1545A5712189459600D6161F /* TestSystemShareTests.xctest */;
			productType = "com.apple.product-type.bundle.unit-test";
		};
		1545A57B2189459600D6161F /* TestSystemShareUITests */ = {
			isa = PBXNativeTarget;
			buildConfigurationList = 1545A58B2189459600D6161F /* Build configuration list for PBXNativeTarget "TestSystemShareUITests" */;
			buildPhases = (
				1545A5782189459600D6161F /* Sources */,
				1545A5792189459600D6161F /* Frameworks */,
				1545A57A2189459600D6161F /* Resources */,
			);
			buildRules = (
			);
			dependencies = (
				1545A57E2189459600D6161F /* PBXTargetDependency */,
			);
			name = TestSystemShareUITests;
			productName = TestSystemShareUITests;
			productReference = 1545A57C2189459600D6161F /* TestSystemShareUITests.xctest */;
			productType = "com.apple.product-type.bundle.ui-testing";
		};
/* End PBXNativeTarget section */

/* Begin PBXProject section */
		1545A5552189459400D6161F /* Project object */ = {
			isa = PBXProject;
			attributes = {
				LastSwiftUpdateCheck = 1000;
				LastUpgradeCheck = 1000;
				ORGANIZATIONNAME = WY;
				TargetAttributes = {
					1545A55C2189459400D6161F = {
						CreatedOnToolsVersion = 10.0;
					};
					1545A5702189459600D6161F = {
						CreatedOnToolsVersion = 10.0;
						TestTargetID = 1545A55C2189459400D6161F;
					};
					1545A57B2189459600D6161F = {
						CreatedOnToolsVersion = 10.0;
						TestTargetID = 1545A55C2189459400D6161F;
					};
				};
			};
			buildConfigurationList = 1545A5582189459400D6161F /* Build configuration list for PBXProject "TestSystemShare" */;
			compatibilityVersion = "Xcode 9.3";
			developmentRegion = en;
			hasScannedForEncodings = 0;
			knownRegions = (
				en,
				Base,
			);
			mainGroup = 1545A5542189459400D6161F;
			productRefGroup = 1545A55E2189459400D6161F /* Products */;
			projectDirPath = "";
			projectRoot = "";
			targets = (
				1545A55C2189459400D6161F /* TestSystemShare */,
				1545A5702189459600D6161F /* TestSystemShareTests */,
				1545A57B2189459600D6161F /* TestSystemShareUITests */,
			);
		};
/* End PBXProject section */

/* Begin PBXResourcesBuildPhase section */
		1545A55B2189459400D6161F /* Resources */ = {
			isa = PBXResourcesBuildPhase;
			buildActionMask = 2147483647;
			files = (
				1545A56B2189459600D6161F /* LaunchScreen.storyboard in Resources */,
				1545A5682189459600D6161F /* Assets.xcassets in Resources */,
				1545A5662189459400D6161F /* Main.storyboard in Resources */,
			);
			runOnlyForDeploymentPostprocessing = 0;
		};
		1545A56F2189459600D6161F /* Resources */ = {
			isa = PBXResourcesBuildPhase;
			buildActionMask = 2147483647;
			files = (
			);
			runOnlyForDeploymentPostprocessing = 0;
		};
		1545A57A2189459600D6161F /* Resources */ = {
			isa = PBXResourcesBuildPhase;
			buildActionMask = 2147483647;
			files = (
			);
			runOnlyForDeploymentPostprocessing = 0;
		};
/* End PBXResourcesBuildPhase section */

/* Begin PBXSourcesBuildPhase section */
		1545A5592189459400D6161F /* Sources */ = {
			isa = PBXSourcesBuildPhase;
			buildActionMask = 2147483647;
			files = (
				1545A5632189459400D6161F /* ViewController.swift in Sources */,
				1545A5612189459400D6161F /* AppDelegate.swift in Sources */,
			);
			runOnlyForDeploymentPostprocessing = 0;
		};
		1545A56D2189459600D6161F /* Sources */ = {
			isa = PBXSourcesBuildPhase;
			buildActionMask = 2147483647;
			files = (
				1545A5762189459600D6161F /* TestSystemShareTests.swift in Sources */,
			);
			runOnlyForDeploymentPostprocessing = 0;
		};
		1545A5782189459600D6161F /* Sources */ = {
			isa = PBXSourcesBuildPhase;
			buildActionMask = 2147483647;
			files = (
				1545A5812189459600D6161F /* TestSystemShareUITests.swift in Sources */,
			);
			runOnlyForDeploymentPostprocessing = 0;
		};
/* End PBXSourcesBuildPhase section */

/* Begin PBXTargetDependency section */
		1545A5732189459600D6161F /* PBXTargetDependency */ = {
			isa = PBXTargetDependency;
			target = 1545A55C2189459400D6161F /* TestSystemShare */;
			targetProxy = 1545A5722189459600D6161F /* PBXContainerItemProxy */;
		};
		1545A57E2189459600D6161F /* PBXTargetDependency */ = {
			isa = PBXTargetDependency;
			target = 1545A55C2189459400D6161F /* TestSystemShare */;
			targetProxy = 1545A57D2189459600D6161F /* PBXContainerItemProxy */;
		};
/* End PBXTargetDependency section */

/* Begin PBXVariantGroup section */
		1545A5642189459400D6161F /* Main.storyboard */ = {
			isa = PBXVariantGroup;
			children = (
				1545A5652189459400D6161F /* Base */,
			);
			name = Main.storyboard;
			sourceTree = "<group>";
		};
		1545A5692189459600D6161F /* LaunchScreen.storyboard */ = {
			isa = PBXVariantGroup;
			children = (
				1545A56A2189459600D6161F /* Base */,
			);
			name = LaunchScreen.storyboard;
			sourceTree = "<group>";
		};
/* End PBXVariantGroup section */

/* Begin XCBuildConfiguration section */
		1545A5832189459600D6161F /* Debug */ = {
			isa = XCBuildConfiguration;
			buildSettings = {
				ALWAYS_SEARCH_USER_PATHS = NO;
				CLANG_ANALYZER_NONNULL = YES;
				CLANG_ANALYZER_NUMBER_OBJECT_CONVERSION = YES_AGGRESSIVE;
				CLANG_CXX_LANGUAGE_STANDARD = "gnu++14";
				CLANG_CXX_LIBRARY = "libc++";
				CLANG_ENABLE_MODULES = YES;
				CLANG_ENABLE_OBJC_ARC = YES;
				CLANG_ENABLE_OBJC_WEAK = YES;
				CLANG_WARN_BLOCK_CAPTURE_AUTORELEASING = YES;
				CLANG_WARN_BOOL_CONVERSION = YES;
				CLANG_WARN_COMMA = YES;
				CLANG_WARN_CONSTANT_CONVERSION = YES;
				CLANG_WARN_DEPRECATED_OBJC_IMPLEMENTATIONS = YES;
				CLANG_WARN_DIRECT_OBJC_ISA_USAGE = YES_ERROR;
				CLANG_WARN_DOCUMENTATION_COMMENTS = YES;
				CLANG_WARN_EMPTY_BODY = YES;
				CLANG_WARN_ENUM_CONVERSION = YES;
				CLANG_WARN_INFINITE_RECURSION = YES;
				CLANG_WARN_INT_CONVERSION = YES;
				CLANG_WARN_NON_LITERAL_NULL_CONVERSION = YES;
				CLANG_WARN_OBJC_IMPLICIT_RETAIN_SELF = YES;
				CLANG_WARN_OBJC_LITERAL_CONVERSION = YES;
				CLANG_WARN_OBJC_ROOT_CLASS = YES_ERROR;
				CLANG_WARN_RANGE_LOOP_ANALYSIS = YES;
				CLANG_WARN_STRICT_PROTOTYPES = YES;
				CLANG_WARN_SUSPICIOUS_MOVE = YES;
				CLANG_WARN_UNGUARDED_AVAILABILITY = YES_AGGRESSIVE;
				CLANG_WARN_UNREACHABLE_CODE = YES;
				CLANG_WARN__DUPLICATE_METHOD_MATCH = YES;
				CODE_SIGN_IDENTITY = "iPhone Developer";
				COPY_PHASE_STRIP = NO;
				DEBUG_INFORMATION_FORMAT = dwarf;
				ENABLE_STRICT_OBJC_MSGSEND = YES;
				ENABLE_TESTABILITY = YES;
				GCC_C_LANGUAGE_STANDARD = gnu11;
				GCC_DYNAMIC_NO_PIC = NO;
				GCC_NO_COMMON_BLOCKS = YES;
				GCC_OPTIMIZATION_LEVEL = 0;
				GCC_PREPROCESSOR_DEFINITIONS = (
					"DEBUG=1",
					"$(inherited)",
				);
				GCC_WARN_64_TO_32_BIT_CONVERSION = YES;
				GCC_WARN_ABOUT_RETURN_TYPE = YES_ERROR;
				GCC_WARN_UNDECLARED_SELECTOR = YES;
				GCC_WARN_UNINITIALIZED_AUTOS = YES_AGGRESSIVE;
				GCC_WARN_UNUSED_FUNCTION = YES;
				GCC_WARN_UNUSED_VARIABLE = YES;
				IPHONEOS_DEPLOYMENT_TARGET = 12.0;
				MTL_ENABLE_DEBUG_INFO = INCLUDE_SOURCE;
				MTL_FAST_MATH = YES;
				ONLY_ACTIVE_ARCH = YES;
				SDKROOT = iphoneos;
				SWIFT_ACTIVE_COMPILATION_CONDITIONS = DEBUG;
				SWIFT_OPTIMIZATION_LEVEL = "-Onone";
			};
			name = Debug;
		};
		1545A5842189459600D6161F /* Release */ = {
			isa = XCBuildConfiguration;
			buildSettings = {
				ALWAYS_SEARCH_USER_PATHS = NO;
				CLANG_ANALYZER_NONNULL = YES;
				CLANG_ANALYZER_NUMBER_OBJECT_CONVERSION = YES_AGGRESSIVE;
				CLANG_CXX_LANGUAGE_STANDARD = "gnu++14";
				CLANG_CXX_LIBRARY = "libc++";
				CLANG_ENABLE_MODULES = YES;
				CLANG_ENABLE_OBJC_ARC = YES;
				CLANG_ENABLE_OBJC_WEAK = YES;
				CLANG_WARN_BLOCK_CAPTURE_AUTORELEASING = YES;
				CLANG_WARN_BOOL_CONVERSION = YES;
				CLANG_WARN_COMMA = YES;
				CLANG_WARN_CONSTANT_CONVERSION = YES;
				CLANG_WARN_DEPRECATED_OBJC_IMPLEMENTATIONS = YES;
				CLANG_WARN_DIRECT_OBJC_ISA_USAGE = YES_ERROR;
				CLANG_WARN_DOCUMENTATION_COMMENTS = YES;
				CLANG_WARN_EMPTY_BODY = YES;
				CLANG_WARN_ENUM_CONVERSION = YES;
				CLANG_WARN_INFINITE_RECURSION = YES;
				CLANG_WARN_INT_CONVERSION = YES;
				CLANG_WARN_NON_LITERAL_NULL_CONVERSION = YES;
				CLANG_WARN_OBJC_IMPLICIT_RETAIN_SELF = YES;
				CLANG_WARN_OBJC_LITERAL_CONVERSION = YES;
				CLANG_WARN_OBJC_ROOT_CLASS = YES_ERROR;
				CLANG_WARN_RANGE_LOOP_ANALYSIS = YES;
				CLANG_WARN_STRICT_PROTOTYPES = YES;
				CLANG_WARN_SUSPICIOUS_MOVE = YES;
				CLANG_WARN_UNGUARDED_AVAILABILITY = YES_AGGRESSIVE;
				CLANG_WARN_UNREACHABLE_CODE = YES;
				CLANG_WARN__DUPLICATE_METHOD_MATCH = YES;
				CODE_SIGN_IDENTITY = "iPhone Developer";
				COPY_PHASE_STRIP = NO;
				DEBUG_INFORMATION_FORMAT = "dwarf-with-dsym";
				ENABLE_NS_ASSERTIONS = NO;
				ENABLE_STRICT_OBJC_MSGSEND = YES;
				GCC_C_LANGUAGE_STANDARD = gnu11;
				GCC_NO_COMMON_BLOCKS = YES;
				GCC_WARN_64_TO_32_BIT_CONVERSION = YES;
				GCC_WARN_ABOUT_RETURN_TYPE = YES_ERROR;
				GCC_WARN_UNDECLARED_SELECTOR = YES;
				GCC_WARN_UNINITIALIZED_AUTOS = YES_AGGRESSIVE;
				GCC_WARN_UNUSED_FUNCTION = YES;
				GCC_WARN_UNUSED_VARIABLE = YES;
				IPHONEOS_DEPLOYMENT_TARGET = 12.0;
				MTL_ENABLE_DEBUG_INFO = NO;
				MTL_FAST_MATH = YES;
				SDKROOT = iphoneos;
				SWIFT_COMPILATION_MODE = wholemodule;
				SWIFT_OPTIMIZATION_LEVEL = "-O";
				VALIDATE_PRODUCT = YES;
			};
			name = Release;
		};
		1545A5862189459600D6161F /* Debug */ = {
			isa = XCBuildConfiguration;
			buildSettings = {
				ASSETCATALOG_COMPILER_APPICON_NAME = AppIcon;
				CODE_SIGN_STYLE = Automatic;
				DEVELOPMENT_TEAM = 3UW7CLR3FH;
				INFOPLIST_FILE = TestSystemShare/Info.plist;
				LD_RUNPATH_SEARCH_PATHS = (
					"$(inherited)",
					"@executable_path/Frameworks",
				);
				PRODUCT_BUNDLE_IDENTIFIER = hhcszgd.TestSystemShare;
				PRODUCT_NAME = "$(TARGET_NAME)";
				SWIFT_VERSION = 4.2;
				TARGETED_DEVICE_FAMILY = "1,2";
			};
			name = Debug;
		};
		1545A5872189459600D6161F /* Release */ = {
			isa = XCBuildConfiguration;
			buildSettings = {
				ASSETCATALOG_COMPILER_APPICON_NAME = AppIcon;
				CODE_SIGN_STYLE = Automatic;
				DEVELOPMENT_TEAM = 3UW7CLR3FH;
				INFOPLIST_FILE = TestSystemShare/Info.plist;
				LD_RUNPATH_SEARCH_PATHS = (
					"$(inherited)",
					"@executable_path/Frameworks",
				);
				PRODUCT_BUNDLE_IDENTIFIER = hhcszgd.TestSystemShare;
				PRODUCT_NAME = "$(TARGET_NAME)";
				SWIFT_VERSION = 4.2;
				TARGETED_DEVICE_FAMILY = "1,2";
			};
			name = Release;
		};
		1545A5892189459600D6161F /* Debug */ = {
			isa = XCBuildConfiguration;
			buildSettings = {
				ALWAYS_EMBED_SWIFT_STANDARD_LIBRARIES = YES;
				BUNDLE_LOADER = "$(TEST_HOST)";
				CODE_SIGN_STYLE = Automatic;
				DEVELOPMENT_TEAM = 3UW7CLR3FH;
				INFOPLIST_FILE = TestSystemShareTests/Info.plist;
				LD_RUNPATH_SEARCH_PATHS = (
					"$(inherited)",
					"@executable_path/Frameworks",
					"@loader_path/Frameworks",
				);
				PRODUCT_BUNDLE_IDENTIFIER = hhcszgd.TestSystemShareTests;
				PRODUCT_NAME = "$(TARGET_NAME)";
				SWIFT_VERSION = 4.2;
				TARGETED_DEVICE_FAMILY = "1,2";
				TEST_HOST = "$(BUILT_PRODUCTS_DIR)/TestSystemShare.app/TestSystemShare";
			};
			name = Debug;
		};
		1545A58A2189459600D6161F /* Release */ = {
			isa = XCBuildConfiguration;
			buildSettings = {
				ALWAYS_EMBED_SWIFT_STANDARD_LIBRARIES = YES;
				BUNDLE_LOADER = "$(TEST_HOST)";
				CODE_SIGN_STYLE = Automatic;
				DEVELOPMENT_TEAM = 3UW7CLR3FH;
				INFOPLIST_FILE = TestSystemShareTests/Info.plist;
				LD_RUNPATH_SEARCH_PATHS = (
					"$(inherited)",
					"@executable_path/Frameworks",
					"@loader_path/Frameworks",
				);
				PRODUCT_BUNDLE_IDENTIFIER = hhcszgd.TestSystemShareTests;
				PRODUCT_NAME = "$(TARGET_NAME)";
				SWIFT_VERSION = 4.2;
				TARGETED_DEVICE_FAMILY = "1,2";
				TEST_HOST = "$(BUILT_PRODUCTS_DIR)/TestSystemShare.app/TestSystemShare";
			};
			name = Release;
		};
		1545A58C2189459600D6161F /* Debug */ = {
			isa = XCBuildConfiguration;
			buildSettings = {
				ALWAYS_EMBED_SWIFT_STANDARD_LIBRARIES = YES;
				CODE_SIGN_STYLE = Automatic;
				DEVELOPMENT_TEAM = 3UW7CLR3FH;
				INFOPLIST_FILE = TestSystemShareUITests/Info.plist;
				LD_RUNPATH_SEARCH_PATHS = (
					"$(inherited)",
					"@executable_path/Frameworks",
					"@loader_path/Frameworks",
				);
				PRODUCT_BUNDLE_IDENTIFIER = hhcszgd.TestSystemShareUITests;
				PRODUCT_NAME = "$(TARGET_NAME)";
				SWIFT_VERSION = 4.2;
				TARGETED_DEVICE_FAMILY = "1,2";
				TEST_TARGET_NAME = TestSystemShare;
			};
			name = Debug;
		};
		1545A58D2189459600D6161F /* Release */ = {
			isa = XCBuildConfiguration;
			buildSettings = {
				ALWAYS_EMBED_SWIFT_STANDARD_LIBRARIES = YES;
				CODE_SIGN_STYLE = Automatic;
				DEVELOPMENT_TEAM = 3UW7CLR3FH;
				INFOPLIST_FILE = TestSystemShareUITests/Info.plist;
				LD_RUNPATH_SEARCH_PATHS = (
					"$(inherited)",
					"@executable_path/Frameworks",
					"@loader_path/Frameworks",
				);
				PRODUCT_BUNDLE_IDENTIFIER = hhcszgd.TestSystemShareUITests;
				PRODUCT_NAME = "$(TARGET_NAME)";
				SWIFT_VERSION = 4.2;
				TARGETED_DEVICE_FAMILY = "1,2";
				TEST_TARGET_NAME = TestSystemShare;
			};
			name = Release;
		};
/* End XCBuildConfiguration section */

/* Begin XCConfigurationList section */
		1545A5582189459400D6161F /* Build configuration list for PBXProject "TestSystemShare" */ = {
			isa = XCConfigurationList;
			buildConfigurations = (
				1545A5832189459600D6161F /* Debug */,
				1545A5842189459600D6161F /* Release */,
			);
			defaultConfigurationIsVisible = 0;
			defaultConfigurationName = Release;
		};
		1545A5852189459600D6161F /* Build configuration list for PBXNativeTarget "TestSystemShare" */ = {
			isa = XCConfigurationList;
			buildConfigurations = (
				1545A5862189459600D6161F /* Debug */,
				1545A5872189459600D6161F /* Release */,
			);
			defaultConfigurationIsVisible = 0;
			defaultConfigurationName = Release;
		};
		1545A5882189459600D6161F /* Build configuration list for PBXNativeTarget "TestSystemShareTests" */ = {
			isa = XCConfigurationList;
			buildConfigurations = (
				1545A5892189459600D6161F /* Debug */,
				1545A58A2189459600D6161F /* Release */,
			);
			defaultConfigurationIsVisible = 0;
			defaultConfigurationName = Release;
		};
		1545A58B2189459600D6161F /* Build configuration list for PBXNativeTarget "TestSystemShareUITests" */ = {
			isa = XCConfigurationList;
			buildConfigurations = (
				1545A58C2189459600D6161F /* Debug */,
				1545A58D2189459600D6161F /* Release */,
			);
			defaultConfigurationIsVisible = 0;
			defaultConfigurationName = Release;
		};
/* End XCConfigurationList section */
	};
	rootObject = 1545A5552189459400D6161F /* Project object */;
}
